
Microsoft Visual Studio Solution File, Format Version 12.00
# Visual Studio Version 16
VisualStudioVersion = 16.0.32228.343
MinimumVisualStudioVersion = 10.0.40219.1
Project("{FAE04EC0-301F-11D3-BF4B-00C04F79EFBC}") = "tpDOB", "tpDOB.csproj", "{F4542D41-6912-4CD6-81E3-129BDD760139}"
EndProject
Global
	GlobalSection(SolutionConfigurationPlatforms) = preSolution
		Debug|Any CPU = Debug|Any CPU
		Release|Any CPU = Release|Any CPU
	EndGlobalSection
	GlobalSection(ProjectConfigurationPlatforms) = postSolution
		{F4542D41-6912-4CD6-81E3-129BDD760139}.Debug|Any CPU.ActiveCfg = Debug|Any CPU
		{F4542D41-6912-4CD6-81E3-129BDD760139}.Debug|Any CPU.Build.0 = Debug|Any CPU
		{F4542D41-6912-4CD6-81E3-129BDD760139}.Release|Any CPU.ActiveCfg = Release|Any CPU
		{F4542D41-6912-4CD6-81E3-129BDD760139}.Release|Any CPU.Build.0 = Release|Any CPU
	EndGlobalSection
	GlobalSection(SolutionProperties) = preSolution
		HideSolutionNode = FALSE
	EndGlobalSection
	GlobalSection(ExtensibilityGlobals) = postSolution
		SolutionGuid = {73CDD7C9-C465-4799-823E-3CAB9153F56E}
	EndGlobalSection
EndGlobal
